
Microsoft Visual Studio Solution File, Format Version 12.00
# Visual Studio 15
VisualStudioVersion = 15.0.27428.2011
MinimumVisualStudioVersion = 10.0.40219.1
Project("{FAE04EC0-301F-11D3-BF4B-00C04F79EFBC}") = "libVLC_Test", "libVLC_Test\libVLC_Test.csproj", "{633A21F0-6F2B-47B5-95F2-A6BCDEC6AAC5}"
EndProject
Global
	GlobalSection(SolutionConfigurationPlatforms) = preSolution
		Debug|Any CPU = Debug|Any CPU
		Release|Any CPU = Release|Any CPU
	EndGlobalSection
	GlobalSection(ProjectConfigurationPlatforms) = postSolution
		{633A21F0-6F2B-47B5-95F2-A6BCDEC6AAC5}.Debug|Any CPU.ActiveCfg = Debug|Any CPU
		{633A21F0-6F2B-47B5-95F2-A6BCDEC6AAC5}.Debug|Any CPU.Build.0 = Debug|Any CPU
		{633A21F0-6F2B-47B5-95F2-A6BCDEC6AAC5}.Release|Any CPU.ActiveCfg = Release|Any CPU
		{633A21F0-6F2B-47B5-95F2-A6BCDEC6AAC5}.Release|Any CPU.Build.0 = Release|Any CPU
	EndGlobalSection
	GlobalSection(SolutionProperties) = preSolution
		HideSolutionNode = FALSE
	EndGlobalSection
	GlobalSection(ExtensibilityGlobals) = postSolution
		SolutionGuid = {6AA47FE2-838B-47FF-B3B2-67DF19E909A0}
	EndGlobalSection
EndGlobal
